
Microsoft Visual Studio Solution File, Format Version 12.00
# Visual Studio Version 17
VisualStudioVersion = 17.11.35431.28
MinimumVisualStudioVersion = 10.0.40219.1
Project("{9A19103F-16F7-4668-BE54-9A1E7A4F7556}") = "AoC2024D1P1", "AoC2024D1P1.csproj", "{6F6FB203-50E7-4E88-A479-3CCFC6553800}"
EndProject
Project("{9A19103F-16F7-4668-BE54-9A1E7A4F7556}") = "TestAdventOfCode2024", "..\TestAdventOfCode2024\TestAdventOfCode2024.csproj", "{E14D8E7E-8070-4333-97FE-B8AD52C23DB3}"
EndProject
Global
	GlobalSection(SolutionConfigurationPlatforms) = preSolution
		Debug|Any CPU = Debug|Any CPU
		Release|Any CPU = Release|Any CPU
	EndGlobalSection
	GlobalSection(ProjectConfigurationPlatforms) = postSolution
		{6F6FB203-50E7-4E88-A479-3CCFC6553800}.Debug|Any CPU.ActiveCfg = Debug|Any CPU
		{6F6FB203-50E7-4E88-A479-3CCFC6553800}.Debug|Any CPU.Build.0 = Debug|Any CPU
		{6F6FB203-50E7-4E88-A479-3CCFC6553800}.Release|Any CPU.ActiveCfg = Release|Any CPU
		{6F6FB203-50E7-4E88-A479-3CCFC6553800}.Release|Any CPU.Build.0 = Release|Any CPU
		{E14D8E7E-8070-4333-97FE-B8AD52C23DB3}.Debug|Any CPU.ActiveCfg = Debug|Any CPU
		{E14D8E7E-8070-4333-97FE-B8AD52C23DB3}.Debug|Any CPU.Build.0 = Debug|Any CPU
		{E14D8E7E-8070-4333-97FE-B8AD52C23DB3}.Release|Any CPU.ActiveCfg = Release|Any CPU
		{E14D8E7E-8070-4333-97FE-B8AD52C23DB3}.Release|Any CPU.Build.0 = Release|Any CPU
	EndGlobalSection
	GlobalSection(SolutionProperties) = preSolution
		HideSolutionNode = FALSE
	EndGlobalSection
	GlobalSection(ExtensibilityGlobals) = postSolution
		SolutionGuid = {7CA0344E-78CA-47CD-85E9-EA1FA0B57306}
	EndGlobalSection
EndGlobal
